
Microsoft Visual Studio Solution File, Format Version 12.00
# Visual Studio 14
VisualStudioVersion = 14.0.25420.1
MinimumVisualStudioVersion = 10.0.40219.1
Project("{FAE04EC0-301F-11D3-BF4B-00C04F79EFBC}") = "SharpTaskTask", "SharpTask\SharpTaskTask.csproj", "{F4BEE0C7-A248-4730-A04E-F453318B2666}"
EndProject
Project("{FAE04EC0-301F-11D3-BF4B-00C04F79EFBC}") = "SharpTaskExecuterConsole", "SharpTaskExecuterConsole\SharpTaskExecuterConsole.csproj", "{A946B889-B4D0-4716-9C98-3F0C801AAE58}"
EndProject
Project("{FAE04EC0-301F-11D3-BF4B-00C04F79EFBC}") = "SharpTaskExecuterService", "SharpTaskExecuterService\SharpTaskExecuterService.csproj", "{B52DC61E-3FB5-4445-AFB0-B04B5D5ED27A}"
EndProject
Project("{FAE04EC0-301F-11D3-BF4B-00C04F79EFBC}") = "SharpTaskExecuter", "SharpTaskExecuter\SharpTaskExecuter.csproj", "{F50C02BE-65AE-474C-928F-2171FBB1D3DC}"
EndProject
Project("{FAE04EC0-301F-11D3-BF4B-00C04F79EFBC}") = "SharpTaskSampleTask", "SharpTaskSampleTask\SharpTaskSampleTask.csproj", "{F14F97B8-EEF7-4CC8-91AF-D05DE64744E1}"
EndProject
Project("{FAE04EC0-301F-11D3-BF4B-00C04F79EFBC}") = "SharTaskTest", "SharTaskTest\SharTaskTest.csproj", "{AE70C604-0114-4C2F-8714-99B623EEE2FE}"
EndProject
Global
	GlobalSection(SolutionConfigurationPlatforms) = preSolution
		Debug|Any CPU = Debug|Any CPU
		Release|Any CPU = Release|Any CPU
	EndGlobalSection
	GlobalSection(ProjectConfigurationPlatforms) = postSolution
		{F4BEE0C7-A248-4730-A04E-F453318B2666}.Debug|Any CPU.ActiveCfg = Debug|Any CPU
		{F4BEE0C7-A248-4730-A04E-F453318B2666}.Debug|Any CPU.Build.0 = Debug|Any CPU
		{F4BEE0C7-A248-4730-A04E-F453318B2666}.Release|Any CPU.ActiveCfg = Release|Any CPU
		{F4BEE0C7-A248-4730-A04E-F453318B2666}.Release|Any CPU.Build.0 = Release|Any CPU
		{A946B889-B4D0-4716-9C98-3F0C801AAE58}.Debug|Any CPU.ActiveCfg = Debug|Any CPU
		{A946B889-B4D0-4716-9C98-3F0C801AAE58}.Debug|Any CPU.Build.0 = Debug|Any CPU
		{A946B889-B4D0-4716-9C98-3F0C801AAE58}.Release|Any CPU.ActiveCfg = Release|Any CPU
		{A946B889-B4D0-4716-9C98-3F0C801AAE58}.Release|Any CPU.Build.0 = Release|Any CPU
		{B52DC61E-3FB5-4445-AFB0-B04B5D5ED27A}.Debug|Any CPU.ActiveCfg = Debug|Any CPU
		{B52DC61E-3FB5-4445-AFB0-B04B5D5ED27A}.Debug|Any CPU.Build.0 = Debug|Any CPU
		{B52DC61E-3FB5-4445-AFB0-B04B5D5ED27A}.Release|Any CPU.ActiveCfg = Release|Any CPU
		{B52DC61E-3FB5-4445-AFB0-B04B5D5ED27A}.Release|Any CPU.Build.0 = Release|Any CPU
		{F50C02BE-65AE-474C-928F-2171FBB1D3DC}.Debug|Any CPU.ActiveCfg = Debug|Any CPU
		{F50C02BE-65AE-474C-928F-2171FBB1D3DC}.Debug|Any CPU.Build.0 = Debug|Any CPU
		{F50C02BE-65AE-474C-928F-2171FBB1D3DC}.Release|Any CPU.ActiveCfg = Release|Any CPU
		{F50C02BE-65AE-474C-928F-2171FBB1D3DC}.Release|Any CPU.Build.0 = Release|Any CPU
		{F14F97B8-EEF7-4CC8-91AF-D05DE64744E1}.Debug|Any CPU.ActiveCfg = Debug|Any CPU
		{F14F97B8-EEF7-4CC8-91AF-D05DE64744E1}.Debug|Any CPU.Build.0 = Debug|Any CPU
		{F14F97B8-EEF7-4CC8-91AF-D05DE64744E1}.Release|Any CPU.ActiveCfg = Release|Any CPU
		{F14F97B8-EEF7-4CC8-91AF-D05DE64744E1}.Release|Any CPU.Build.0 = Release|Any CPU
		{AE70C604-0114-4C2F-8714-99B623EEE2FE}.Debug|Any CPU.ActiveCfg = Debug|Any CPU
		{AE70C604-0114-4C2F-8714-99B623EEE2FE}.Debug|Any CPU.Build.0 = Debug|Any CPU
		{AE70C604-0114-4C2F-8714-99B623EEE2FE}.Release|Any CPU.ActiveCfg = Release|Any CPU
		{AE70C604-0114-4C2F-8714-99B623EEE2FE}.Release|Any CPU.Build.0 = Release|Any CPU
	EndGlobalSection
	GlobalSection(SolutionProperties) = preSolution
		HideSolutionNode = FALSE
	EndGlobalSection
EndGlobal
